
Microsoft Visual Studio Solution File, Format Version 12.00
# Visual Studio Version 17
VisualStudioVersion = 17.5.33516.290
MinimumVisualStudioVersion = 10.0.40219.1
Project("{FAE04EC0-301F-11D3-BF4B-00C04F79EFBC}") = "ProjetoContaPersonal", "ProjetoContaPersonal\ProjetoContaPersonal.csproj", "{F587F003-CB19-4489-98EE-C16CDD3CBCD8}"
EndProject
Project("{FAE04EC0-301F-11D3-BF4B-00C04F79EFBC}") = "FolhaDePagamento", "FolhaDePagamento\FolhaDePagamento.csproj", "{A76974CF-0950-45E4-A362-3F8A0A112205}"
EndProject
Project("{2150E333-8FDC-42A3-9474-1A3956D46DE8}") = "Sis_Desktop", "Sis_Desktop", "{BDA199BF-3900-41FD-929C-CFB62582DEAC}"
EndProject
Project("{FAE04EC0-301F-11D3-BF4B-00C04F79EFBC}") = "DecimoTerceiroSalario", "DecimoTerceiroSalario\DecimoTerceiroSalario.csproj", "{FA5D273C-AAC3-4DAA-8DEE-874B03F03F0B}"
EndProject
Project("{FAE04EC0-301F-11D3-BF4B-00C04F79EFBC}") = "BeneficioDasFerias", "BeneficioDasFerias\BeneficioDasFerias.csproj", "{7179DF48-52B2-46DB-8706-500715A41791}"
EndProject
Project("{FAE04EC0-301F-11D3-BF4B-00C04F79EFBC}") = "InterfacesDoSistemaDesktop", "InterfacesDoSistemaDesktop\InterfacesDoSistemaDesktop.csproj", "{F5DFCBBF-67CE-4B4B-B2EB-590733AD25E1}"
EndProject
Project("{2150E333-8FDC-42A3-9474-1A3956D46DE8}") = "Data_Base", "Data_Base", "{12530F25-D90C-4EC8-AB2C-90647B3FF2C1}"
EndProject
Project("{2150E333-8FDC-42A3-9474-1A3956D46DE8}") = "Sis_Web", "Sis_Web", "{E8EB6988-8029-4F4A-9DED-63AB3E805AA4}"
EndProject
Project("{2150E333-8FDC-42A3-9474-1A3956D46DE8}") = "Solution Items", "Solution Items", "{0C8B5B2A-34D6-4A96-ACD5-C267A96CE58B}"
	ProjectSection(SolutionItems) = preProject
		.gitignore = .gitignore
		Sis_WebPersonalDynamic\Startup.cs = Sis_WebPersonalDynamic\Startup.cs
	EndProjectSection
EndProject
Project("{2150E333-8FDC-42A3-9474-1A3956D46DE8}") = "Icones_Imagens", "Icones_Imagens", "{363E62F4-74F6-4CF5-BD9F-C52680F79F15}"
EndProject
Project("{FAE04EC0-301F-11D3-BF4B-00C04F79EFBC}") = "PlanoSaude", "PlanoSaude\PlanoSaude.csproj", "{F88DED36-C8A0-4463-A6BC-59B07243BE23}"
EndProject
Project("{FAE04EC0-301F-11D3-BF4B-00C04F79EFBC}") = "PlanoOdontologico", "PlanoOdontologico\PlanoOdontologico.csproj", "{FBAB88DA-E044-4DAC-880F-43427B86700C}"
EndProject
Project("{FAE04EC0-301F-11D3-BF4B-00C04F79EFBC}") = "EmpresasClientes", "EmpresasClientes\EmpresasClientes.csproj", "{2DA1744F-4B4E-4E55-9C6C-2E1020163E25}"
EndProject
Project("{FAE04EC0-301F-11D3-BF4B-00C04F79EFBC}") = "FuncionariosEmpresas", "FuncionariosEmpresas\FuncionariosEmpresas.csproj", "{3750CDE9-E095-4AAE-BDAA-28B0A662F70A}"
EndProject
Project("{FAE04EC0-301F-11D3-BF4B-00C04F79EFBC}") = "BaseDeDados", "BaseDeDados\BaseDeDados.csproj", "{32C0C10B-5F67-46EE-B248-F1E38E5B9CD4}"
EndProject
Project("{FAE04EC0-301F-11D3-BF4B-00C04F79EFBC}") = "ContaPersonal", "ContaPersonal\ContaPersonal.csproj", "{AD50847C-512F-492F-953C-487AD47FA9DC}"
EndProject
Project("{9A19103F-16F7-4668-BE54-9A1E7A4F7556}") = "WebPIM", "WebPIM\WebPIM.csproj", "{BC082BDE-3930-4A3E-A887-843F7C311FF4}"
EndProject
Global
	GlobalSection(SolutionConfigurationPlatforms) = preSolution
		Debug|Any CPU = Debug|Any CPU
		Release|Any CPU = Release|Any CPU
	EndGlobalSection
	GlobalSection(ProjectConfigurationPlatforms) = postSolution
		{F587F003-CB19-4489-98EE-C16CDD3CBCD8}.Debug|Any CPU.ActiveCfg = Debug|Any CPU
		{F587F003-CB19-4489-98EE-C16CDD3CBCD8}.Debug|Any CPU.Build.0 = Debug|Any CPU
		{F587F003-CB19-4489-98EE-C16CDD3CBCD8}.Release|Any CPU.ActiveCfg = Release|Any CPU
		{F587F003-CB19-4489-98EE-C16CDD3CBCD8}.Release|Any CPU.Build.0 = Release|Any CPU
		{A76974CF-0950-45E4-A362-3F8A0A112205}.Debug|Any CPU.ActiveCfg = Debug|Any CPU
		{A76974CF-0950-45E4-A362-3F8A0A112205}.Debug|Any CPU.Build.0 = Debug|Any CPU
		{A76974CF-0950-45E4-A362-3F8A0A112205}.Release|Any CPU.ActiveCfg = Release|Any CPU
		{A76974CF-0950-45E4-A362-3F8A0A112205}.Release|Any CPU.Build.0 = Release|Any CPU
		{FA5D273C-AAC3-4DAA-8DEE-874B03F03F0B}.Debug|Any CPU.ActiveCfg = Debug|Any CPU
		{FA5D273C-AAC3-4DAA-8DEE-874B03F03F0B}.Debug|Any CPU.Build.0 = Debug|Any CPU
		{FA5D273C-AAC3-4DAA-8DEE-874B03F03F0B}.Release|Any CPU.ActiveCfg = Release|Any CPU
		{FA5D273C-AAC3-4DAA-8DEE-874B03F03F0B}.Release|Any CPU.Build.0 = Release|Any CPU
		{7179DF48-52B2-46DB-8706-500715A41791}.Debug|Any CPU.ActiveCfg = Debug|Any CPU
		{7179DF48-52B2-46DB-8706-500715A41791}.Debug|Any CPU.Build.0 = Debug|Any CPU
		{7179DF48-52B2-46DB-8706-500715A41791}.Release|Any CPU.ActiveCfg = Release|Any CPU
		{7179DF48-52B2-46DB-8706-500715A41791}.Release|Any CPU.Build.0 = Release|Any CPU
		{F5DFCBBF-67CE-4B4B-B2EB-590733AD25E1}.Debug|Any CPU.ActiveCfg = Debug|Any CPU
		{F5DFCBBF-67CE-4B4B-B2EB-590733AD25E1}.Debug|Any CPU.Build.0 = Debug|Any CPU
		{F5DFCBBF-67CE-4B4B-B2EB-590733AD25E1}.Release|Any CPU.ActiveCfg = Release|Any CPU
		{F5DFCBBF-67CE-4B4B-B2EB-590733AD25E1}.Release|Any CPU.Build.0 = Release|Any CPU
		{F88DED36-C8A0-4463-A6BC-59B07243BE23}.Debug|Any CPU.ActiveCfg = Debug|Any CPU
		{F88DED36-C8A0-4463-A6BC-59B07243BE23}.Debug|Any CPU.Build.0 = Debug|Any CPU
		{F88DED36-C8A0-4463-A6BC-59B07243BE23}.Release|Any CPU.ActiveCfg = Release|Any CPU
		{F88DED36-C8A0-4463-A6BC-59B07243BE23}.Release|Any CPU.Build.0 = Release|Any CPU
		{FBAB88DA-E044-4DAC-880F-43427B86700C}.Debug|Any CPU.ActiveCfg = Debug|Any CPU
		{FBAB88DA-E044-4DAC-880F-43427B86700C}.Debug|Any CPU.Build.0 = Debug|Any CPU
		{FBAB88DA-E044-4DAC-880F-43427B86700C}.Release|Any CPU.ActiveCfg = Release|Any CPU
		{FBAB88DA-E044-4DAC-880F-43427B86700C}.Release|Any CPU.Build.0 = Release|Any CPU
		{2DA1744F-4B4E-4E55-9C6C-2E1020163E25}.Debug|Any CPU.ActiveCfg = Debug|Any CPU
		{2DA1744F-4B4E-4E55-9C6C-2E1020163E25}.Debug|Any CPU.Build.0 = Debug|Any CPU
		{2DA1744F-4B4E-4E55-9C6C-2E1020163E25}.Release|Any CPU.ActiveCfg = Release|Any CPU
		{2DA1744F-4B4E-4E55-9C6C-2E1020163E25}.Release|Any CPU.Build.0 = Release|Any CPU
		{3750CDE9-E095-4AAE-BDAA-28B0A662F70A}.Debug|Any CPU.ActiveCfg = Debug|Any CPU
		{3750CDE9-E095-4AAE-BDAA-28B0A662F70A}.Debug|Any CPU.Build.0 = Debug|Any CPU
		{3750CDE9-E095-4AAE-BDAA-28B0A662F70A}.Release|Any CPU.ActiveCfg = Release|Any CPU
		{3750CDE9-E095-4AAE-BDAA-28B0A662F70A}.Release|Any CPU.Build.0 = Release|Any CPU
		{32C0C10B-5F67-46EE-B248-F1E38E5B9CD4}.Debug|Any CPU.ActiveCfg = Debug|Any CPU
		{32C0C10B-5F67-46EE-B248-F1E38E5B9CD4}.Debug|Any CPU.Build.0 = Debug|Any CPU
		{32C0C10B-5F67-46EE-B248-F1E38E5B9CD4}.Release|Any CPU.ActiveCfg = Release|Any CPU
		{32C0C10B-5F67-46EE-B248-F1E38E5B9CD4}.Release|Any CPU.Build.0 = Release|Any CPU
		{AD50847C-512F-492F-953C-487AD47FA9DC}.Debug|Any CPU.ActiveCfg = Debug|Any CPU
		{AD50847C-512F-492F-953C-487AD47FA9DC}.Debug|Any CPU.Build.0 = Debug|Any CPU
		{AD50847C-512F-492F-953C-487AD47FA9DC}.Release|Any CPU.ActiveCfg = Release|Any CPU
		{AD50847C-512F-492F-953C-487AD47FA9DC}.Release|Any CPU.Build.0 = Release|Any CPU
		{BC082BDE-3930-4A3E-A887-843F7C311FF4}.Debug|Any CPU.ActiveCfg = Debug|Any CPU
		{BC082BDE-3930-4A3E-A887-843F7C311FF4}.Debug|Any CPU.Build.0 = Debug|Any CPU
		{BC082BDE-3930-4A3E-A887-843F7C311FF4}.Release|Any CPU.ActiveCfg = Release|Any CPU
		{BC082BDE-3930-4A3E-A887-843F7C311FF4}.Release|Any CPU.Build.0 = Release|Any CPU
	EndGlobalSection
	GlobalSection(SolutionProperties) = preSolution
		HideSolutionNode = FALSE
	EndGlobalSection
	GlobalSection(NestedProjects) = preSolution
		{A76974CF-0950-45E4-A362-3F8A0A112205} = {BDA199BF-3900-41FD-929C-CFB62582DEAC}
		{FA5D273C-AAC3-4DAA-8DEE-874B03F03F0B} = {BDA199BF-3900-41FD-929C-CFB62582DEAC}
		{7179DF48-52B2-46DB-8706-500715A41791} = {BDA199BF-3900-41FD-929C-CFB62582DEAC}
		{F5DFCBBF-67CE-4B4B-B2EB-590733AD25E1} = {BDA199BF-3900-41FD-929C-CFB62582DEAC}
		{363E62F4-74F6-4CF5-BD9F-C52680F79F15} = {BDA199BF-3900-41FD-929C-CFB62582DEAC}
		{F88DED36-C8A0-4463-A6BC-59B07243BE23} = {BDA199BF-3900-41FD-929C-CFB62582DEAC}
		{FBAB88DA-E044-4DAC-880F-43427B86700C} = {BDA199BF-3900-41FD-929C-CFB62582DEAC}
		{2DA1744F-4B4E-4E55-9C6C-2E1020163E25} = {BDA199BF-3900-41FD-929C-CFB62582DEAC}
		{3750CDE9-E095-4AAE-BDAA-28B0A662F70A} = {BDA199BF-3900-41FD-929C-CFB62582DEAC}
		{32C0C10B-5F67-46EE-B248-F1E38E5B9CD4} = {12530F25-D90C-4EC8-AB2C-90647B3FF2C1}
		{AD50847C-512F-492F-953C-487AD47FA9DC} = {BDA199BF-3900-41FD-929C-CFB62582DEAC}
		{BC082BDE-3930-4A3E-A887-843F7C311FF4} = {E8EB6988-8029-4F4A-9DED-63AB3E805AA4}
	EndGlobalSection
	GlobalSection(ExtensibilityGlobals) = postSolution
		SolutionGuid = {3920AE7A-4B69-4D30-B7DD-ED00B5FF869C}
	EndGlobalSection
EndGlobal
